<?xml version="1.0" encoding="utf-8"?>
<Project ToolsVersion="4.0" xmlns="http://schemas.microsoft.com/developer/msbuild/2003">
  <ItemGroup>
    <Filter Include="KamataEngine">
      <UniqueIdentifier>{4FC737F1-C7A5-4376-A066-2A32D752A2FF}</UniqueIdentifier>
      <Extensions>cpp;c;cc;cxx;c++;cppm;ixx;def;odl;idl;hpj;bat;asm;asmx</Extensions>
    </Filter>
    <Filter Include="KamataEngine\Source">
      <UniqueIdentifier>{d966e9f8-e880-44ae-8586-a08515e4cffc}</UniqueIdentifier>
    </Filter>
    <Filter Include="KamataEngine\Include">
      <UniqueIdentifier>{4aae4e40-94f7-4d32-9a91-c0c37a2edf0d}</UniqueIdentifier>
    </Filter>
    <Filter Include="KamataEngine\Adapter">
      <UniqueIdentifier>{c6468eb4-788b-4a83-b207-a5f4804e56c5}</UniqueIdentifier>
    </Filter>
    <Filter Include="クラス">
      <UniqueIdentifier>{1c810f1b-4240-408b-8466-ec88032eba44}</UniqueIdentifier>
    </Filter>
    <Filter Include="クラス\エフェクト">
      <UniqueIdentifier>{c1424024-9c68-48c7-88c2-df65a59369e6}</UniqueIdentifier>
    </Filter>
    <Filter Include="クラス\オブジェクト">
      <UniqueIdentifier>{d7fd8f22-002e-42d4-a17b-6870cfc09fd4}</UniqueIdentifier>
    </Filter>
    <Filter Include="クラス\シーン">
      <UniqueIdentifier>{9ae32628-50b2-4393-9a19-34ec576581bb}</UniqueIdentifier>
    </Filter>
    <Filter Include="クラス\システム">
      <UniqueIdentifier>{1f3926cb-fdf3-4f42-bc10-fa735405c6ba}</UniqueIdentifier>
    </Filter>
    <Filter Include="ヘッダーデフォルト">
      <UniqueIdentifier>{1596b842-09da-47c1-9e20-a5e3c963f1da}</UniqueIdentifier>
    </Filter>
    <Filter Include="クラス\オブジェクト\Enemy">
      <UniqueIdentifier>{16e4d950-af42-419e-b979-941a92ca5cc0}</UniqueIdentifier>
    </Filter>
    <Filter Include="クラス\オブジェクト\Bullet">
      <UniqueIdentifier>{e28e319d-033f-477e-812e-b9e0d86f45ef}</UniqueIdentifier>
    </Filter>
    <Filter Include="クラス\フィールド">
      <UniqueIdentifier>{83785a9e-c652-443a-9a78-9f6f00b32f01}</UniqueIdentifier>
    </Filter>
    <Filter Include="クラス\オブジェクト\Player">
      <UniqueIdentifier>{b05beb4f-76d1-466b-831b-2c9d4f5f8f2d}</UniqueIdentifier>
    </Filter>
    <Filter Include="クラス\オブジェクト\Base">
      <UniqueIdentifier>{f5a017e4-e02a-4038-afdc-d2b8033799d5}</UniqueIdentifier>
    </Filter>
    <Filter Include="クラス\システム\KeyManager">
      <UniqueIdentifier>{33a15da0-5ce6-4879-95d9-d0b42134f2e0}</UniqueIdentifier>
    </Filter>
  </ItemGroup>
  <ItemGroup>
    <ClCompile Include="C:\KamataEngine\DirectXGame\base\DirectXCommon.cpp">
      <Filter>KamataEngine\Source</Filter>
    </ClCompile>
    <ClCompile Include="C:\KamataEngine\DirectXGame\base\TextureManager.cpp">
      <Filter>KamataEngine\Source</Filter>
    </ClCompile>
    <ClCompile Include="C:\KamataEngine\DirectXGame\scene\GameScene.cpp">
      <Filter>KamataEngine\Source</Filter>
    </ClCompile>
    <ClCompile Include="C:\KamataEngine\DirectXGame\base\WinApp.cpp">
      <Filter>KamataEngine\Source</Filter>
    </ClCompile>
    <ClCompile Include="main.cpp" />
    <ClCompile Include="C:\KamataEngine\Adapter\Novice.cpp">
      <Filter>KamataEngine\Adapter</Filter>
    </ClCompile>
    <ClCompile Include="C:\KamataEngine\DirectXGame\2d\ImGuiManager.cpp">
      <Filter>KamataEngine</Filter>
    </ClCompile>
    <ClCompile Include="C:\KamataEngine\DirectXGame\base\StringUtility.cpp">
      <Filter>KamataEngine\Source</Filter>
    </ClCompile>
    <ClCompile Include="Enemy.cpp">
      <Filter>クラス\オブジェクト\Enemy</Filter>
    </ClCompile>
    <ClCompile Include="Bullet.cpp">
      <Filter>クラス\オブジェクト\Bullet</Filter>
    </ClCompile>
    <ClCompile Include="PlayField.cpp">
      <Filter>クラス\フィールド</Filter>
    </ClCompile>
    <ClCompile Include="Player.cpp">
      <Filter>クラス\オブジェクト\Player</Filter>
    </ClCompile>
    <ClCompile Include="BaseObject.cpp">
      <Filter>クラス\オブジェクト\Base</Filter>
    </ClCompile>
    <ClCompile Include="Define\Defines.cpp">
      <Filter>クラス\システム</Filter>
    </ClCompile>
    <ClCompile Include="KeyManager.cpp">
      <Filter>クラス\システム\KeyManager</Filter>
    </ClCompile>
  </ItemGroup>
  <ItemGroup>
    <ClInclude Include="C:\KamataEngine\DirectXGame\audio\Audio.h">
      <Filter>KamataEngine\Include</Filter>
    </ClInclude>
    <ClInclude Include="C:\KamataEngine\DirectXGame\2d\DebugText.h">
      <Filter>KamataEngine\Include</Filter>
    </ClInclude>
    <ClInclude Include="C:\KamataEngine\DirectXGame\base\DirectXCommon.h">
      <Filter>KamataEngine\Include</Filter>
    </ClInclude>
    <ClInclude Include="C:\KamataEngine\DirectXGame\scene\GameScene.h">
      <Filter>KamataEngine\Include</Filter>
    </ClInclude>
    <ClInclude Include="C:\KamataEngine\DirectXGame\input\Input.h">
      <Filter>KamataEngine\Include</Filter>
    </ClInclude>
    <ClInclude Include="C:\KamataEngine\DirectXGame\3d\Model.h">
      <Filter>KamataEngine\Include</Filter>
    </ClInclude>
    <ClInclude Include="C:\KamataEngine\DirectXGame\base\SafeDelete.h">
      <Filter>KamataEngine\Include</Filter>
    </ClInclude>
    <ClInclude Include="C:\KamataEngine\DirectXGame\2d\Sprite.h">
      <Filter>KamataEngine\Include</Filter>
    </ClInclude>
    <ClInclude Include="C:\KamataEngine\DirectXGame\base\TextureManager.h">
      <Filter>KamataEngine\Include</Filter>
    </ClInclude>
    <ClInclude Include="C:\KamataEngine\DirectXGame\3d\ViewProjection.h">
      <Filter>KamataEngine\Include</Filter>
    </ClInclude>
    <ClInclude Include="C:\KamataEngine\DirectXGame\base\WinApp.h">
      <Filter>KamataEngine\Include</Filter>
    </ClInclude>
    <ClInclude Include="C:\KamataEngine\DirectXGame\3d\WorldTransform.h">
      <Filter>KamataEngine\Include</Filter>
    </ClInclude>
    <ClInclude Include="C:\KamataEngine\Adapter\Novice.h">
      <Filter>KamataEngine\Adapter</Filter>
    </ClInclude>
    <ClInclude Include="C:\KamataEngine\DirectXGame\3d\CircleShadow.h">
      <Filter>KamataEngine\Include</Filter>
    </ClInclude>
    <ClInclude Include="C:\KamataEngine\DirectXGame\3d\DebugCamera.h">
      <Filter>KamataEngine\Include</Filter>
    </ClInclude>
    <ClInclude Include="C:\KamataEngine\DirectXGame\3d\DirectionalLight.h">
      <Filter>KamataEngine\Include</Filter>
    </ClInclude>
    <ClInclude Include="C:\KamataEngine\DirectXGame\3d\LightGroup.h">
      <Filter>KamataEngine\Include</Filter>
    </ClInclude>
    <ClInclude Include="C:\KamataEngine\DirectXGame\3d\Material.h">
      <Filter>KamataEngine\Include</Filter>
    </ClInclude>
    <ClInclude Include="C:\KamataEngine\DirectXGame\3d\Mesh.h">
      <Filter>KamataEngine\Include</Filter>
    </ClInclude>
    <ClInclude Include="C:\KamataEngine\DirectXGame\3d\PointLight.h">
      <Filter>KamataEngine\Include</Filter>
    </ClInclude>
    <ClInclude Include="C:\KamataEngine\DirectXGame\3d\SpotLight.h">
      <Filter>KamataEngine\Include</Filter>
    </ClInclude>
    <ClInclude Include="C:\KamataEngine\DirectXGame\base\StringUtility.h">
      <Filter>KamataEngine\Include</Filter>
    </ClInclude>
    <ClInclude Include="C:\KamataEngine\DirectXGame\math\Vector4.h">
      <Filter>ヘッダーデフォルト</Filter>
    </ClInclude>
    <ClInclude Include="C:\KamataEngine\DirectXGame\math\Matrix4x4.h">
      <Filter>ヘッダーデフォルト</Filter>
    </ClInclude>
    <ClInclude Include="C:\KamataEngine\DirectXGame\math\Vector2.h">
      <Filter>ヘッダーデフォルト</Filter>
    </ClInclude>
    <ClInclude Include="C:\KamataEngine\DirectXGame\math\Vector3.h">
      <Filter>ヘッダーデフォルト</Filter>
    </ClInclude>
    <ClInclude Include="C:\KamataEngine\DirectXGame\2d\ImGuiManager.h">
      <Filter>ヘッダーデフォルト</Filter>
    </ClInclude>
    <ClInclude Include="Enemy.h">
      <Filter>クラス\オブジェクト\Enemy</Filter>
    </ClInclude>
    <ClInclude Include="Bullet.h">
      <Filter>クラス\オブジェクト\Bullet</Filter>
    </ClInclude>
    <ClInclude Include="PlayField.h">
      <Filter>クラス\フィールド</Filter>
    </ClInclude>
    <ClInclude Include="Player.h">
      <Filter>クラス\オブジェクト\Player</Filter>
    </ClInclude>
    <ClInclude Include="BaseObject.h">
      <Filter>クラス\オブジェクト\Base</Filter>
    </ClInclude>
    <ClInclude Include="Define\Defines.h">
      <Filter>クラス\システム</Filter>
    </ClInclude>
    <ClInclude Include="KeyManager.h">
      <Filter>クラス\システム\KeyManager</Filter>
    </ClInclude>
  </ItemGroup>
  <ItemGroup>
    <None Include="ClassDiagram.cd" />
  </ItemGroup>
</Project>